
Microsoft Visual Studio Solution File, Format Version 11.00
# Visual Studio 2010
Project("{FAE04EC0-301F-11D3-BF4B-00C04F79EFBC}") = "CharacterType1", "StructureGame\StructureGame\CharacterType1.csproj", "{D5DEE7EF-18B3-4981-824E-2D41B5AE4DB7}"
EndProject
Project("{FAE04EC0-301F-11D3-BF4B-00C04F79EFBC}") = "StructureGameContent", "StructureGame\StructureGameContent\StructureGameContent.contentproj", "{6CB72C22-4E0E-4AC1-B271-AC12D733CB48}"
EndProject
Global
	GlobalSection(SolutionConfigurationPlatforms) = preSolution
		Debug|x86 = Debug|x86
		Release|x86 = Release|x86
	EndGlobalSection
	GlobalSection(ProjectConfigurationPlatforms) = postSolution
		{D5DEE7EF-18B3-4981-824E-2D41B5AE4DB7}.Debug|x86.ActiveCfg = Debug|x86
		{D5DEE7EF-18B3-4981-824E-2D41B5AE4DB7}.Debug|x86.Build.0 = Debug|x86
		{D5DEE7EF-18B3-4981-824E-2D41B5AE4DB7}.Release|x86.ActiveCfg = Release|x86
		{D5DEE7EF-18B3-4981-824E-2D41B5AE4DB7}.Release|x86.Build.0 = Release|x86
		{6CB72C22-4E0E-4AC1-B271-AC12D733CB48}.Debug|x86.ActiveCfg = Debug|x86
		{6CB72C22-4E0E-4AC1-B271-AC12D733CB48}.Release|x86.ActiveCfg = Release|x86
	EndGlobalSection
	GlobalSection(SolutionProperties) = preSolution
		HideSolutionNode = FALSE
	EndGlobalSection
EndGlobal
